
Microsoft Visual Studio Solution File, Format Version 12.00
# Visual Studio Version 17
VisualStudioVersion = 17.5.33516.290
MinimumVisualStudioVersion = 10.0.40219.1
Project("{2150E333-8FDC-42A3-9474-1A3956D46DE8}") = "Api", "Api", "{0C6A8E85-1FEE-49DD-82E4-15A0584842CE}"
EndProject
Project("{2150E333-8FDC-42A3-9474-1A3956D46DE8}") = "Frontend", "Frontend", "{CCF1A9B5-3A3D-408C-8B8A-83E1EFA81501}"
EndProject
Project("{2150E333-8FDC-42A3-9474-1A3956D46DE8}") = "ToDoList", "ToDoList", "{032BE17D-D0D4-477F-AD34-E2448A0D703B}"
	ProjectSection(SolutionItems) = preProject
		Adımlar.txt = Adımlar.txt
	EndProjectSection
EndProject
Project("{9A19103F-16F7-4668-BE54-9A1E7A4F7556}") = "HotelProject.WebApi", "Api\HotelProject.WebApi\HotelProject.WebApi.csproj", "{DE74DDF9-04EE-4622-9D39-F6EE947C3F6E}"
EndProject
Project("{9A19103F-16F7-4668-BE54-9A1E7A4F7556}") = "HotelProject.EntityLayer", "Api\HotelProject.EntityLayer\HotelProject.EntityLayer.csproj", "{00BE0699-0071-4385-846B-7BB246D32504}"
EndProject
Project("{9A19103F-16F7-4668-BE54-9A1E7A4F7556}") = "HotelProject.DataAccessLayer", "Api\HotelProject.DataAccessLayer\HotelProject.DataAccessLayer.csproj", "{B13C5AB2-C7F5-46C5-AB01-B96672C4767D}"
EndProject
Project("{9A19103F-16F7-4668-BE54-9A1E7A4F7556}") = "HotelProject.BusinessLayer", "Api\HotelProject.BusinessLayer\HotelProject.BusinessLayer.csproj", "{331052D7-44C5-4FEB-8661-5ED14916752A}"
EndProject
Project("{9A19103F-16F7-4668-BE54-9A1E7A4F7556}") = "HotelProject.DtoLayer", "Api\HotelProject.DtoLayer\HotelProject.DtoLayer.csproj", "{268C6C04-611F-4136-9C0E-55377390320D}"
EndProject
Project("{9A19103F-16F7-4668-BE54-9A1E7A4F7556}") = "HotelProject.WebUI", "Frontend\HotelProject.WebUI\HotelProject.WebUI.csproj", "{85AC78BA-C26E-4D7A-82F5-FE68ADF2FC6E}"
EndProject
Project("{2150E333-8FDC-42A3-9474-1A3956D46DE8}") = "RapidApi", "RapidApi", "{B390DCC0-C422-4F93-8662-8EE017307521}"
EndProject
Project("{FAE04EC0-301F-11D3-BF4B-00C04F79EFBC}") = "RapidApiConsume", "RapidApi\RapidApiConsume\RapidApiConsume.csproj", "{B7598F3E-0542-45FC-BD88-F6C3429A5BA0}"
EndProject
Global
	GlobalSection(SolutionConfigurationPlatforms) = preSolution
		Debug|Any CPU = Debug|Any CPU
		Release|Any CPU = Release|Any CPU
	EndGlobalSection
	GlobalSection(ProjectConfigurationPlatforms) = postSolution
		{DE74DDF9-04EE-4622-9D39-F6EE947C3F6E}.Debug|Any CPU.ActiveCfg = Debug|Any CPU
		{DE74DDF9-04EE-4622-9D39-F6EE947C3F6E}.Debug|Any CPU.Build.0 = Debug|Any CPU
		{DE74DDF9-04EE-4622-9D39-F6EE947C3F6E}.Release|Any CPU.ActiveCfg = Release|Any CPU
		{DE74DDF9-04EE-4622-9D39-F6EE947C3F6E}.Release|Any CPU.Build.0 = Release|Any CPU
		{00BE0699-0071-4385-846B-7BB246D32504}.Debug|Any CPU.ActiveCfg = Debug|Any CPU
		{00BE0699-0071-4385-846B-7BB246D32504}.Debug|Any CPU.Build.0 = Debug|Any CPU
		{00BE0699-0071-4385-846B-7BB246D32504}.Release|Any CPU.ActiveCfg = Release|Any CPU
		{00BE0699-0071-4385-846B-7BB246D32504}.Release|Any CPU.Build.0 = Release|Any CPU
		{B13C5AB2-C7F5-46C5-AB01-B96672C4767D}.Debug|Any CPU.ActiveCfg = Debug|Any CPU
		{B13C5AB2-C7F5-46C5-AB01-B96672C4767D}.Debug|Any CPU.Build.0 = Debug|Any CPU
		{B13C5AB2-C7F5-46C5-AB01-B96672C4767D}.Release|Any CPU.ActiveCfg = Release|Any CPU
		{B13C5AB2-C7F5-46C5-AB01-B96672C4767D}.Release|Any CPU.Build.0 = Release|Any CPU
		{331052D7-44C5-4FEB-8661-5ED14916752A}.Debug|Any CPU.ActiveCfg = Debug|Any CPU
		{331052D7-44C5-4FEB-8661-5ED14916752A}.Debug|Any CPU.Build.0 = Debug|Any CPU
		{331052D7-44C5-4FEB-8661-5ED14916752A}.Release|Any CPU.ActiveCfg = Release|Any CPU
		{331052D7-44C5-4FEB-8661-5ED14916752A}.Release|Any CPU.Build.0 = Release|Any CPU
		{268C6C04-611F-4136-9C0E-55377390320D}.Debug|Any CPU.ActiveCfg = Debug|Any CPU
		{268C6C04-611F-4136-9C0E-55377390320D}.Debug|Any CPU.Build.0 = Debug|Any CPU
		{268C6C04-611F-4136-9C0E-55377390320D}.Release|Any CPU.ActiveCfg = Release|Any CPU
		{268C6C04-611F-4136-9C0E-55377390320D}.Release|Any CPU.Build.0 = Release|Any CPU
		{85AC78BA-C26E-4D7A-82F5-FE68ADF2FC6E}.Debug|Any CPU.ActiveCfg = Debug|Any CPU
		{85AC78BA-C26E-4D7A-82F5-FE68ADF2FC6E}.Debug|Any CPU.Build.0 = Debug|Any CPU
		{85AC78BA-C26E-4D7A-82F5-FE68ADF2FC6E}.Release|Any CPU.ActiveCfg = Release|Any CPU
		{85AC78BA-C26E-4D7A-82F5-FE68ADF2FC6E}.Release|Any CPU.Build.0 = Release|Any CPU
		{B7598F3E-0542-45FC-BD88-F6C3429A5BA0}.Debug|Any CPU.ActiveCfg = Debug|Any CPU
		{B7598F3E-0542-45FC-BD88-F6C3429A5BA0}.Debug|Any CPU.Build.0 = Debug|Any CPU
		{B7598F3E-0542-45FC-BD88-F6C3429A5BA0}.Release|Any CPU.ActiveCfg = Release|Any CPU
		{B7598F3E-0542-45FC-BD88-F6C3429A5BA0}.Release|Any CPU.Build.0 = Release|Any CPU
	EndGlobalSection
	GlobalSection(SolutionProperties) = preSolution
		HideSolutionNode = FALSE
	EndGlobalSection
	GlobalSection(NestedProjects) = preSolution
		{DE74DDF9-04EE-4622-9D39-F6EE947C3F6E} = {0C6A8E85-1FEE-49DD-82E4-15A0584842CE}
		{00BE0699-0071-4385-846B-7BB246D32504} = {0C6A8E85-1FEE-49DD-82E4-15A0584842CE}
		{B13C5AB2-C7F5-46C5-AB01-B96672C4767D} = {0C6A8E85-1FEE-49DD-82E4-15A0584842CE}
		{331052D7-44C5-4FEB-8661-5ED14916752A} = {0C6A8E85-1FEE-49DD-82E4-15A0584842CE}
		{268C6C04-611F-4136-9C0E-55377390320D} = {0C6A8E85-1FEE-49DD-82E4-15A0584842CE}
		{85AC78BA-C26E-4D7A-82F5-FE68ADF2FC6E} = {CCF1A9B5-3A3D-408C-8B8A-83E1EFA81501}
		{B7598F3E-0542-45FC-BD88-F6C3429A5BA0} = {B390DCC0-C422-4F93-8662-8EE017307521}
	EndGlobalSection
	GlobalSection(ExtensibilityGlobals) = postSolution
		SolutionGuid = {EB12C81C-D095-4F0C-9833-D9C58CB3BB03}
	EndGlobalSection
EndGlobal
